
Microsoft Visual Studio Solution File, Format Version 12.00
# Visual Studio Version 16
VisualStudioVersion = 16.0.30804.86
MinimumVisualStudioVersion = 10.0.40219.1
Project("{888888A0-9F3D-457C-B088-3A5042F75D52}") = "GrafikiDiagramma", "GrafikiDiagramma\GrafikiDiagramma.pyproj", "{9F2D3A46-608C-47B7-90F9-2F5929C406BD}"
EndProject
Global
	GlobalSection(SolutionConfigurationPlatforms) = preSolution
		Debug|Any CPU = Debug|Any CPU
		Release|Any CPU = Release|Any CPU
	EndGlobalSection
	GlobalSection(ProjectConfigurationPlatforms) = postSolution
		{9F2D3A46-608C-47B7-90F9-2F5929C406BD}.Debug|Any CPU.ActiveCfg = Debug|Any CPU
		{9F2D3A46-608C-47B7-90F9-2F5929C406BD}.Release|Any CPU.ActiveCfg = Release|Any CPU
	EndGlobalSection
	GlobalSection(SolutionProperties) = preSolution
		HideSolutionNode = FALSE
	EndGlobalSection
	GlobalSection(ExtensibilityGlobals) = postSolution
		SolutionGuid = {6A168DEF-C401-412D-BCC6-53CC54ED0D6D}
	EndGlobalSection
EndGlobal
